// !$*UTF8*$!
{
	archiveVersion = 1;
	classes = {
	};
	objectVersion = 46;
	objects = {

/* Begin PBXBuildFile section */
		DAC7961D1F3D82530055BE64 /* AppDelegate.swift in Sources */ = {isa = PBXBuildFile; fileRef = DAC7961C1F3D82530055BE64 /* AppDelegate.swift */; };
		DAC7961F1F3D82530055BE64 /* ViewController.swift in Sources */ = {isa = PBXBuildFile; fileRef = DAC7961E1F3D82530055BE64 /* ViewController.swift */; };
		DAC796221F3D82530055BE64 /* Main.storyboard in Resources */ = {isa = PBXBuildFile; fileRef = DAC796201F3D82530055BE64 /* Main.storyboard */; };
		DAC796241F3D82530055BE64 /* Assets.xcassets in Resources */ = {isa = PBXBuildFile; fileRef = DAC796231F3D82530055BE64 /* Assets.xcassets */; };
		DAC796271F3D82530055BE64 /* LaunchScreen.storyboard in Resources */ = {isa = PBXBuildFile; fileRef = DAC796251F3D82530055BE64 /* LaunchScreen.storyboard */; };
		DAC796321F3D82530055BE64 /* RecipeFinderTests.swift in Sources */ = {isa = PBXBuildFile; fileRef = DAC796311F3D82530055BE64 /* RecipeFinderTests.swift */; };
		DAC796411F3D83B50055BE64 /* Recipe.swift in Sources */ = {isa = PBXBuildFile; fileRef = DAC796401F3D83B50055BE64 /* Recipe.swift */; };
		DAC796431F3D83F00055BE64 /* RemoteDataManager.swift in Sources */ = {isa = PBXBuildFile; fileRef = DAC796421F3D83F00055BE64 /* RemoteDataManager.swift */; };
		DAC796451F3D841E0055BE64 /* EndPoints.swift in Sources */ = {isa = PBXBuildFile; fileRef = DAC796441F3D841E0055BE64 /* EndPoints.swift */; };
		DAC796471F3D842F0055BE64 /* String.swift in Sources */ = {isa = PBXBuildFile; fileRef = DAC796461F3D842F0055BE64 /* String.swift */; };
/* End PBXBuildFile section */

/* Begin PBXContainerItemProxy section */
		DAC7962E1F3D82530055BE64 /* PBXContainerItemProxy */ = {
			isa = PBXContainerItemProxy;
			containerPortal = DAC796111F3D82530055BE64 /* Project object */;
			proxyType = 1;
			remoteGlobalIDString = DAC796181F3D82530055BE64;
			remoteInfo = RecipeFinder;
		};
/* End PBXContainerItemProxy section */

/* Begin PBXFileReference section */
		DAC796191F3D82530055BE64 /* RecipeFinder.app */ = {isa = PBXFileReference; explicitFileType = wrapper.application; includeInIndex = 0; path = RecipeFinder.app; sourceTree = BUILT_PRODUCTS_DIR; };
		DAC7961C1F3D82530055BE64 /* AppDelegate.swift */ = {isa = PBXFileReference; lastKnownFileType = sourcecode.swift; path = AppDelegate.swift; sourceTree = "<group>"; };
		DAC7961E1F3D82530055BE64 /* ViewController.swift */ = {isa = PBXFileReference; lastKnownFileType = sourcecode.swift; path = ViewController.swift; sourceTree = "<group>"; };
		DAC796211F3D82530055BE64 /* Base */ = {isa = PBXFileReference; lastKnownFileType = file.storyboard; name = Base; path = Base.lproj/Main.storyboard; sourceTree = "<group>"; };
		DAC796231F3D82530055BE64 /* Assets.xcassets */ = {isa = PBXFileReference; lastKnownFileType = folder.assetcatalog; path = Assets.xcassets; sourceTree = "<group>"; };
		DAC796261F3D82530055BE64 /* Base */ = {isa = PBXFileReference; lastKnownFileType = file.storyboard; name = Base; path = Base.lproj/LaunchScreen.storyboard; sourceTree = "<group>"; };
		DAC796281F3D82530055BE64 /* Info.plist */ = {isa = PBXFileReference; lastKnownFileType = text.plist.xml; path = Info.plist; sourceTree = "<group>"; };
		DAC7962D1F3D82530055BE64 /* RecipeFinderTests.xctest */ = {isa = PBXFileReference; explicitFileType = wrapper.cfbundle; includeInIndex = 0; path = RecipeFinderTests.xctest; sourceTree = BUILT_PRODUCTS_DIR; };
		DAC796311F3D82530055BE64 /* RecipeFinderTests.swift */ = {isa = PBXFileReference; lastKnownFileType = sourcecode.swift; path = RecipeFinderTests.swift; sourceTree = "<group>"; };
		DAC796331F3D82530055BE64 /* Info.plist */ = {isa = PBXFileReference; lastKnownFileType = text.plist.xml; path = Info.plist; sourceTree = "<group>"; };
		DAC796401F3D83B50055BE64 /* Recipe.swift */ = {isa = PBXFileReference; fileEncoding = 4; lastKnownFileType = sourcecode.swift; path = Recipe.swift; sourceTree = "<group>"; };
		DAC796421F3D83F00055BE64 /* RemoteDataManager.swift */ = {isa = PBXFileReference; fileEncoding = 4; lastKnownFileType = sourcecode.swift; path = RemoteDataManager.swift; sourceTree = "<group>"; };
		DAC796441F3D841E0055BE64 /* EndPoints.swift */ = {isa = PBXFileReference; fileEncoding = 4; lastKnownFileType = sourcecode.swift; path = EndPoints.swift; sourceTree = "<group>"; };
		DAC796461F3D842F0055BE64 /* String.swift */ = {isa = PBXFileReference; fileEncoding = 4; lastKnownFileType = sourcecode.swift; path = String.swift; sourceTree = "<group>"; };
/* End PBXFileReference section */

/* Begin PBXFrameworksBuildPhase section */
		DAC796161F3D82530055BE64 /* Frameworks */ = {
			isa = PBXFrameworksBuildPhase;
			buildActionMask = 2147483647;
			files = (
			);
			runOnlyForDeploymentPostprocessing = 0;
		};
		DAC7962A1F3D82530055BE64 /* Frameworks */ = {
			isa = PBXFrameworksBuildPhase;
			buildActionMask = 2147483647;
			files = (
			);
			runOnlyForDeploymentPostprocessing = 0;
		};
/* End PBXFrameworksBuildPhase section */

/* Begin PBXGroup section */
		DAC796101F3D82530055BE64 = {
			isa = PBXGroup;
			children = (
				DAC7961B1F3D82530055BE64 /* RecipeFinder */,
				DAC796301F3D82530055BE64 /* RecipeFinderTests */,
				DAC7961A1F3D82530055BE64 /* Products */,
			);
			sourceTree = "<group>";
		};
		DAC7961A1F3D82530055BE64 /* Products */ = {
			isa = PBXGroup;
			children = (
				DAC796191F3D82530055BE64 /* RecipeFinder.app */,
				DAC7962D1F3D82530055BE64 /* RecipeFinderTests.xctest */,
			);
			name = Products;
			sourceTree = "<group>";
		};
		DAC7961B1F3D82530055BE64 /* RecipeFinder */ = {
			isa = PBXGroup;
			children = (
				DAC7963E1F3D838C0055BE64 /* API */,
				DAC7961C1F3D82530055BE64 /* AppDelegate.swift */,
				DAC796231F3D82530055BE64 /* Assets.xcassets */,
				DAC7963F1F3D83940055BE64 /* DataManager */,
				DAC7963D1F3D83840055BE64 /* Extensions */,
				DAC796281F3D82530055BE64 /* Info.plist */,
				DAC796251F3D82530055BE64 /* LaunchScreen.storyboard */,
				DAC796201F3D82530055BE64 /* Main.storyboard */,
				DAC7963C1F3D83780055BE64 /* Models */,
				DAC7961E1F3D82530055BE64 /* ViewController.swift */,
			);
			path = RecipeFinder;
			sourceTree = "<group>";
		};
		DAC796301F3D82530055BE64 /* RecipeFinderTests */ = {
			isa = PBXGroup;
			children = (
				DAC796311F3D82530055BE64 /* RecipeFinderTests.swift */,
				DAC796331F3D82530055BE64 /* Info.plist */,
			);
			path = RecipeFinderTests;
			sourceTree = "<group>";
		};
		DAC7963C1F3D83780055BE64 /* Models */ = {
			isa = PBXGroup;
			children = (
				DAC796401F3D83B50055BE64 /* Recipe.swift */,
			);
			name = Models;
			sourceTree = "<group>";
		};
		DAC7963D1F3D83840055BE64 /* Extensions */ = {
			isa = PBXGroup;
			children = (
				DAC796461F3D842F0055BE64 /* String.swift */,
			);
			name = Extensions;
			sourceTree = "<group>";
		};
		DAC7963E1F3D838C0055BE64 /* API */ = {
			isa = PBXGroup;
			children = (
				DAC796441F3D841E0055BE64 /* EndPoints.swift */,
			);
			name = API;
			sourceTree = "<group>";
		};
		DAC7963F1F3D83940055BE64 /* DataManager */ = {
			isa = PBXGroup;
			children = (
				DAC796421F3D83F00055BE64 /* RemoteDataManager.swift */,
			);
			name = DataManager;
			sourceTree = "<group>";
		};
/* End PBXGroup section */

/* Begin PBXNativeTarget section */
		DAC796181F3D82530055BE64 /* RecipeFinder */ = {
			isa = PBXNativeTarget;
			buildConfigurationList = DAC796361F3D82530055BE64 /* Build configuration list for PBXNativeTarget "RecipeFinder" */;
			buildPhases = (
				DAC796151F3D82530055BE64 /* Sources */,
				DAC796161F3D82530055BE64 /* Frameworks */,
				DAC796171F3D82530055BE64 /* Resources */,
			);
			buildRules = (
			);
			dependencies = (
			);
			name = RecipeFinder;
			productName = RecipeFinder;
			productReference = DAC796191F3D82530055BE64 /* RecipeFinder.app */;
			productType = "com.apple.product-type.application";
		};
		DAC7962C1F3D82530055BE64 /* RecipeFinderTests */ = {
			isa = PBXNativeTarget;
			buildConfigurationList = DAC796391F3D82530055BE64 /* Build configuration list for PBXNativeTarget "RecipeFinderTests" */;
			buildPhases = (
				DAC796291F3D82530055BE64 /* Sources */,
				DAC7962A1F3D82530055BE64 /* Frameworks */,
				DAC7962B1F3D82530055BE64 /* Resources */,
			);
			buildRules = (
			);
			dependencies = (
				DAC7962F1F3D82530055BE64 /* PBXTargetDependency */,
			);
			name = RecipeFinderTests;
			productName = RecipeFinderTests;
			productReference = DAC7962D1F3D82530055BE64 /* RecipeFinderTests.xctest */;
			productType = "com.apple.product-type.bundle.unit-test";
		};
/* End PBXNativeTarget section */

/* Begin PBXProject section */
		DAC796111F3D82530055BE64 /* Project object */ = {
			isa = PBXProject;
			attributes = {
				LastSwiftUpdateCheck = 0830;
				LastUpgradeCheck = 0830;
				ORGANIZATIONNAME = "BMAGH SRL";
				TargetAttributes = {
					DAC796181F3D82530055BE64 = {
						CreatedOnToolsVersion = 8.3.2;
						DevelopmentTeam = 7GX9WC4VQY;
						ProvisioningStyle = Automatic;
					};
					DAC7962C1F3D82530055BE64 = {
						CreatedOnToolsVersion = 8.3.2;
						DevelopmentTeam = 7GX9WC4VQY;
						ProvisioningStyle = Automatic;
						TestTargetID = DAC796181F3D82530055BE64;
					};
				};
			};
			buildConfigurationList = DAC796141F3D82530055BE64 /* Build configuration list for PBXProject "RecipeFinder" */;
			compatibilityVersion = "Xcode 3.2";
			developmentRegion = English;
			hasScannedForEncodings = 0;
			knownRegions = (
				en,
				Base,
			);
			mainGroup = DAC796101F3D82530055BE64;
			productRefGroup = DAC7961A1F3D82530055BE64 /* Products */;
			projectDirPath = "";
			projectRoot = "";
			targets = (
				DAC796181F3D82530055BE64 /* RecipeFinder */,
				DAC7962C1F3D82530055BE64 /* RecipeFinderTests */,
			);
		};
/* End PBXProject section */

/* Begin PBXResourcesBuildPhase section */
		DAC796171F3D82530055BE64 /* Resources */ = {
			isa = PBXResourcesBuildPhase;
			buildActionMask = 2147483647;
			files = (
				DAC796271F3D82530055BE64 /* LaunchScreen.storyboard in Resources */,
				DAC796241F3D82530055BE64 /* Assets.xcassets in Resources */,
				DAC796221F3D82530055BE64 /* Main.storyboard in Resources */,
			);
			runOnlyForDeploymentPostprocessing = 0;
		};
		DAC7962B1F3D82530055BE64 /* Resources */ = {
			isa = PBXResourcesBuildPhase;
			buildActionMask = 2147483647;
			files = (
			);
			runOnlyForDeploymentPostprocessing = 0;
		};
/* End PBXResourcesBuildPhase section */

/* Begin PBXSourcesBuildPhase section */
		DAC796151F3D82530055BE64 /* Sources */ = {
			isa = PBXSourcesBuildPhase;
			buildActionMask = 2147483647;
			files = (
				DAC796471F3D842F0055BE64 /* String.swift in Sources */,
				DAC796411F3D83B50055BE64 /* Recipe.swift in Sources */,
				DAC796451F3D841E0055BE64 /* EndPoints.swift in Sources */,
				DAC7961F1F3D82530055BE64 /* ViewController.swift in Sources */,
				DAC7961D1F3D82530055BE64 /* AppDelegate.swift in Sources */,
				DAC796431F3D83F00055BE64 /* RemoteDataManager.swift in Sources */,
			);
			runOnlyForDeploymentPostprocessing = 0;
		};
		DAC796291F3D82530055BE64 /* Sources */ = {
			isa = PBXSourcesBuildPhase;
			buildActionMask = 2147483647;
			files = (
				DAC796321F3D82530055BE64 /* RecipeFinderTests.swift in Sources */,
			);
			runOnlyForDeploymentPostprocessing = 0;
		};
/* End PBXSourcesBuildPhase section */

/* Begin PBXTargetDependency section */
		DAC7962F1F3D82530055BE64 /* PBXTargetDependency */ = {
			isa = PBXTargetDependency;
			target = DAC796181F3D82530055BE64 /* RecipeFinder */;
			targetProxy = DAC7962E1F3D82530055BE64 /* PBXContainerItemProxy */;
		};
/* End PBXTargetDependency section */

/* Begin PBXVariantGroup section */
		DAC796201F3D82530055BE64 /* Main.storyboard */ = {
			isa = PBXVariantGroup;
			children = (
				DAC796211F3D82530055BE64 /* Base */,
			);
			name = Main.storyboard;
			sourceTree = "<group>";
		};
		DAC796251F3D82530055BE64 /* LaunchScreen.storyboard */ = {
			isa = PBXVariantGroup;
			children = (
				DAC796261F3D82530055BE64 /* Base */,
			);
			name = LaunchScreen.storyboard;
			sourceTree = "<group>";
		};
/* End PBXVariantGroup section */

/* Begin XCBuildConfiguration section */
		DAC796341F3D82530055BE64 /* Debug */ = {
			isa = XCBuildConfiguration;
			buildSettings = {
				ALWAYS_SEARCH_USER_PATHS = NO;
				CLANG_ANALYZER_NONNULL = YES;
				CLANG_ANALYZER_NUMBER_OBJECT_CONVERSION = YES_AGGRESSIVE;
				CLANG_CXX_LANGUAGE_STANDARD = "gnu++0x";
				CLANG_CXX_LIBRARY = "libc++";
				CLANG_ENABLE_MODULES = YES;
				CLANG_ENABLE_OBJC_ARC = YES;
				CLANG_WARN_BOOL_CONVERSION = YES;
				CLANG_WARN_CONSTANT_CONVERSION = YES;
				CLANG_WARN_DIRECT_OBJC_ISA_USAGE = YES_ERROR;
				CLANG_WARN_DOCUMENTATION_COMMENTS = YES;
				CLANG_WARN_EMPTY_BODY = YES;
				CLANG_WARN_ENUM_CONVERSION = YES;
				CLANG_WARN_INFINITE_RECURSION = YES;
				CLANG_WARN_INT_CONVERSION = YES;
				CLANG_WARN_OBJC_ROOT_CLASS = YES_ERROR;
				CLANG_WARN_SUSPICIOUS_MOVE = YES;
				CLANG_WARN_UNREACHABLE_CODE = YES;
				CLANG_WARN__DUPLICATE_METHOD_MATCH = YES;
				"CODE_SIGN_IDENTITY[sdk=iphoneos*]" = "iPhone Developer";
				COPY_PHASE_STRIP = NO;
				DEBUG_INFORMATION_FORMAT = dwarf;
				ENABLE_STRICT_OBJC_MSGSEND = YES;
				ENABLE_TESTABILITY = YES;
				GCC_C_LANGUAGE_STANDARD = gnu99;
				GCC_DYNAMIC_NO_PIC = NO;
				GCC_NO_COMMON_BLOCKS = YES;
				GCC_OPTIMIZATION_LEVEL = 0;
				GCC_PREPROCESSOR_DEFINITIONS = (
					"DEBUG=1",
					"$(inherited)",
				);
				GCC_WARN_64_TO_32_BIT_CONVERSION = YES;
				GCC_WARN_ABOUT_RETURN_TYPE = YES_ERROR;
				GCC_WARN_UNDECLARED_SELECTOR = YES;
				GCC_WARN_UNINITIALIZED_AUTOS = YES_AGGRESSIVE;
				GCC_WARN_UNUSED_FUNCTION = YES;
				GCC_WARN_UNUSED_VARIABLE = YES;
				IPHONEOS_DEPLOYMENT_TARGET = 10.3;
				MTL_ENABLE_DEBUG_INFO = YES;
				ONLY_ACTIVE_ARCH = YES;
				SDKROOT = iphoneos;
				SWIFT_ACTIVE_COMPILATION_CONDITIONS = DEBUG;
				SWIFT_OPTIMIZATION_LEVEL = "-Onone";
				TARGETED_DEVICE_FAMILY = "1,2";
			};
			name = Debug;
		};
		DAC796351F3D82530055BE64 /* Release */ = {
			isa = XCBuildConfiguration;
			buildSettings = {
				ALWAYS_SEARCH_USER_PATHS = NO;
				CLANG_ANALYZER_NONNULL = YES;
				CLANG_ANALYZER_NUMBER_OBJECT_CONVERSION = YES_AGGRESSIVE;
				CLANG_CXX_LANGUAGE_STANDARD = "gnu++0x";
				CLANG_CXX_LIBRARY = "libc++";
				CLANG_ENABLE_MODULES = YES;
				CLANG_ENABLE_OBJC_ARC = YES;
				CLANG_WARN_BOOL_CONVERSION = YES;
				CLANG_WARN_CONSTANT_CONVERSION = YES;
				CLANG_WARN_DIRECT_OBJC_ISA_USAGE = YES_ERROR;
				CLANG_WARN_DOCUMENTATION_COMMENTS = YES;
				CLANG_WARN_EMPTY_BODY = YES;
				CLANG_WARN_ENUM_CONVERSION = YES;
				CLANG_WARN_INFINITE_RECURSION = YES;
				CLANG_WARN_INT_CONVERSION = YES;
				CLANG_WARN_OBJC_ROOT_CLASS = YES_ERROR;
				CLANG_WARN_SUSPICIOUS_MOVE = YES;
				CLANG_WARN_UNREACHABLE_CODE = YES;
				CLANG_WARN__DUPLICATE_METHOD_MATCH = YES;
				"CODE_SIGN_IDENTITY[sdk=iphoneos*]" = "iPhone Developer";
				COPY_PHASE_STRIP = NO;
				DEBUG_INFORMATION_FORMAT = "dwarf-with-dsym";
				ENABLE_NS_ASSERTIONS = NO;
				ENABLE_STRICT_OBJC_MSGSEND = YES;
				GCC_C_LANGUAGE_STANDARD = gnu99;
				GCC_NO_COMMON_BLOCKS = YES;
				GCC_WARN_64_TO_32_BIT_CONVERSION = YES;
				GCC_WARN_ABOUT_RETURN_TYPE = YES_ERROR;
				GCC_WARN_UNDECLARED_SELECTOR = YES;
				GCC_WARN_UNINITIALIZED_AUTOS = YES_AGGRESSIVE;
				GCC_WARN_UNUSED_FUNCTION = YES;
				GCC_WARN_UNUSED_VARIABLE = YES;
				IPHONEOS_DEPLOYMENT_TARGET = 10.3;
				MTL_ENABLE_DEBUG_INFO = NO;
				SDKROOT = iphoneos;
				SWIFT_OPTIMIZATION_LEVEL = "-Owholemodule";
				TARGETED_DEVICE_FAMILY = "1,2";
				VALIDATE_PRODUCT = YES;
			};
			name = Release;
		};
		DAC796371F3D82530055BE64 /* Debug */ = {
			isa = XCBuildConfiguration;
			buildSettings = {
				ASSETCATALOG_COMPILER_APPICON_NAME = AppIcon;
				DEVELOPMENT_TEAM = 7GX9WC4VQY;
				INFOPLIST_FILE = RecipeFinder/Info.plist;
				LD_RUNPATH_SEARCH_PATHS = "$(inherited) @executable_path/Frameworks";
				PRODUCT_BUNDLE_IDENTIFIER = com.bmagh.me.RecipeFinder;
				PRODUCT_NAME = "$(TARGET_NAME)";
				SWIFT_VERSION = 3.0;
			};
			name = Debug;
		};
		DAC796381F3D82530055BE64 /* Release */ = {
			isa = XCBuildConfiguration;
			buildSettings = {
				ASSETCATALOG_COMPILER_APPICON_NAME = AppIcon;
				DEVELOPMENT_TEAM = 7GX9WC4VQY;
				INFOPLIST_FILE = RecipeFinder/Info.plist;
				LD_RUNPATH_SEARCH_PATHS = "$(inherited) @executable_path/Frameworks";
				PRODUCT_BUNDLE_IDENTIFIER = com.bmagh.me.RecipeFinder;
				PRODUCT_NAME = "$(TARGET_NAME)";
				SWIFT_VERSION = 3.0;
			};
			name = Release;
		};
		DAC7963A1F3D82530055BE64 /* Debug */ = {
			isa = XCBuildConfiguration;
			buildSettings = {
				ALWAYS_EMBED_SWIFT_STANDARD_LIBRARIES = YES;
				BUNDLE_LOADER = "$(TEST_HOST)";
				DEVELOPMENT_TEAM = 7GX9WC4VQY;
				INFOPLIST_FILE = RecipeFinderTests/Info.plist;
				LD_RUNPATH_SEARCH_PATHS = "$(inherited) @executable_path/Frameworks @loader_path/Frameworks";
				PRODUCT_BUNDLE_IDENTIFIER = com.bmagh.me.RecipeFinderTests;
				PRODUCT_NAME = "$(TARGET_NAME)";
				SWIFT_VERSION = 3.0;
				TEST_HOST = "$(BUILT_PRODUCTS_DIR)/RecipeFinder.app/RecipeFinder";
			};
			name = Debug;
		};
		DAC7963B1F3D82530055BE64 /* Release */ = {
			isa = XCBuildConfiguration;
			buildSettings = {
				ALWAYS_EMBED_SWIFT_STANDARD_LIBRARIES = YES;
				BUNDLE_LOADER = "$(TEST_HOST)";
				DEVELOPMENT_TEAM = 7GX9WC4VQY;
				INFOPLIST_FILE = RecipeFinderTests/Info.plist;
				LD_RUNPATH_SEARCH_PATHS = "$(inherited) @executable_path/Frameworks @loader_path/Frameworks";
				PRODUCT_BUNDLE_IDENTIFIER = com.bmagh.me.RecipeFinderTests;
				PRODUCT_NAME = "$(TARGET_NAME)";
				SWIFT_VERSION = 3.0;
				TEST_HOST = "$(BUILT_PRODUCTS_DIR)/RecipeFinder.app/RecipeFinder";
			};
			name = Release;
		};
/* End XCBuildConfiguration section */

/* Begin XCConfigurationList section */
		DAC796141F3D82530055BE64 /* Build configuration list for PBXProject "RecipeFinder" */ = {
			isa = XCConfigurationList;
			buildConfigurations = (
				DAC796341F3D82530055BE64 /* Debug */,
				DAC796351F3D82530055BE64 /* Release */,
			);
			defaultConfigurationIsVisible = 0;
			defaultConfigurationName = Release;
		};
		DAC796361F3D82530055BE64 /* Build configuration list for PBXNativeTarget "RecipeFinder" */ = {
			isa = XCConfigurationList;
			buildConfigurations = (
				DAC796371F3D82530055BE64 /* Debug */,
				DAC796381F3D82530055BE64 /* Release */,
			);
			defaultConfigurationIsVisible = 0;
		};
		DAC796391F3D82530055BE64 /* Build configuration list for PBXNativeTarget "RecipeFinderTests" */ = {
			isa = XCConfigurationList;
			buildConfigurations = (
				DAC7963A1F3D82530055BE64 /* Debug */,
				DAC7963B1F3D82530055BE64 /* Release */,
			);
			defaultConfigurationIsVisible = 0;
		};
/* End XCConfigurationList section */
	};
	rootObject = DAC796111F3D82530055BE64 /* Project object */;
}
